github.com/BurntSushi/toml v0.3.1 h1:WXkYYl6Yr3qBf1K79EBnL4mak0OimBfB0XUf9Vl28OQ=
github.com/BurntSushi/toml v0.3.1/go.mod h1:xHWCNGjB5oqiDr8zfno3MHue2Ht5sIBksp03qcyfWMU=
github.com/adrg/frontmatter v0.2.0 h1:/DgnNe82o03riBd1S+ZDjd43wAmC6W35q67NHeLkPd4=
github.com/adrg/frontmatter v0.2.0/go.mod h1:93rQCj3z3ZlwyxxpQioRKC1wDLto4aXHrbqIsnH9wmE=
github.com/goark/csvdata v0.7.4 h1:Uab/qgiFvOUZumENSGIscNzHlATC2jQm8m/2MXQD5Kc=
github.com/goark/csvdata v0.7.4/go.mod h1:dt0pk8OVsBkXTZDEuDe+5rLwnjEai06ng+MvPZQ2IyM=
github.com/goark/errs v1.3.4 h1:/+/xwF3UwXGxGGLurzBTaMMoryTBeaPfheJ1aW9cglA=
github.com/goark/errs v1.3.4/go.mod h1:4xM7rorwYQlqh9kUhfKpC5P7VAJW2KfvuQpYnTaU0ek=
github.com/goark/gocli v0.14.0 h1:YK8g9vkH4FnnJUplFgiNH9IhDH9uaWKUGaMfaAhBjYc=
github.com/goark/gocli v0.14.0/go.mod h1:FLgDEiCNuj9RSxDQGKiqBTh/n/z9Lk4RJFv30ea/ck0=
github.com/goark/struct2pflag v0.2.0 h1:WfoXZB76CiUiNZX91rpXZoOwTyfjoSTq6RudOxvuyVU=
github.com/goark/struct2pflag v0.2.0/go.mod h1:ZqKLwjdZwS+eO2JoTs0UymudyOjyR2N8ELaiJJfZOQY=
github.com/spf13/pflag v1.0.10 h1:4EBh2KAYBwaONj6b2Ye1GiHfwjqyROoF4RwYO+vPwFk=
github.com/spf13/pflag v1.0.10/go.mod h1:McXfInJRrz4CZXVZOBLb0bTZqETkiAhM9Iw0y3An2Bg=
gopkg.in/check.v1 v0.0.0-20161208181325-20d25e280405 h1:yhCVgyC4o1eVCa2tZl7eS0r+SDo693bJlVdllGtEeKM=
gopkg.in/check.v1 v0.0.0-20161208181325-20d25e280405/go.mod h1:Co6ibVJAznAaIkqp8huTwlJQCZ016jof/cbN4VW5Yz0=
gopkg.in/yaml.v2 v2.3.0 h1:clyUAQHOM3G0M3f5vQj7LuJrETvjVot3Z5el9nffUtU=
gopkg.in/yaml.v2 v2.3.0/go.mod h1:hI93XBmqTisBFMUTm0b8Fm+jr3Dg1NNxqwp+5A1VGuI=
